{
  "pins" : [
    {
      "identity" : "opus_caf_converter_swift",
      "kind" : "remoteSourceControl",
      "location" : "https://github.com/nabil6391/opus_caf_converter_swift",
      "state" : {
        "branch" : "main",
        "revision" : "aacd1fd064593d3a7afcf6f3debc8c436b7c68c9"
      }
    }
  ],
  "version" : 2
}
