// !$*UTF8*$!
{
	archiveVersion = 1;
	classes = {
	};
	objectVersion = 56;
	objects = {

/* Begin PBXBuildFile section */
		5018AC0E2A68D02800EA4E06 /* OpusCAFmacOSExampleApp.swift in Sources */ = {isa = PBXBuildFile; fileRef = 5018AC0D2A68D02800EA4E06 /* OpusCAFmacOSExampleApp.swift */; };
		5018AC102A68D02800EA4E06 /* ContentView.swift in Sources */ = {isa = PBXBuildFile; fileRef = 5018AC0F2A68D02800EA4E06 /* ContentView.swift */; };
		5018AC122A68D02800EA4E06 /* Assets.xcassets in Resources */ = {isa = PBXBuildFile; fileRef = 5018AC112A68D02800EA4E06 /* Assets.xcassets */; };
		5018AC152A68D02800EA4E06 /* Preview Assets.xcassets in Resources */ = {isa = PBXBuildFile; fileRef = 5018AC142A68D02800EA4E06 /* Preview Assets.xcassets */; };
		5018AC3A2A68D04C00EA4E06 /* OpusCAF in Frameworks */ = {isa = PBXBuildFile; productRef = 5018AC392A68D04C00EA4E06 /* OpusCAF */; };
		5018AC3C2A68D06400EA4E06 /* sample.opus in Resources */ = {isa = PBXBuildFile; fileRef = 5018AC3B2A68D06400EA4E06 /* sample.opus */; };
/* End PBXBuildFile section */

/* Begin PBXContainerItemProxy section */
		5018AC1C2A68D02800EA4E06 /* PBXContainerItemProxy */ = {
			isa = PBXContainerItemProxy;
			containerPortal = 5018AC022A68D02800EA4E06 /* Project object */;
			proxyType = 1;
			remoteGlobalIDString = 5018AC092A68D02800EA4E06;
			remoteInfo = OpusCAFmacOSExample;
		};
		5018AC262A68D02900EA4E06 /* PBXContainerItemProxy */ = {
			isa = PBXContainerItemProxy;
			containerPortal = 5018AC022A68D02800EA4E06 /* Project object */;
			proxyType = 1;
			remoteGlobalIDString = 5018AC092A68D02800EA4E06;
			remoteInfo = OpusCAFmacOSExample;
		};
/* End PBXContainerItemProxy section */

/* Begin PBXFileReference section */
		5018AC0A2A68D02800EA4E06 /* OpusCAFmacOSExample.app */ = {isa = PBXFileReference; explicitFileType = wrapper.application; includeInIndex = 0; path = OpusCAFmacOSExample.app; sourceTree = BUILT_PRODUCTS_DIR; };
		5018AC0D2A68D02800EA4E06 /* OpusCAFmacOSExampleApp.swift */ = {isa = PBXFileReference; lastKnownFileType = sourcecode.swift; path = OpusCAFmacOSExampleApp.swift; sourceTree = "<group>"; };
		5018AC0F2A68D02800EA4E06 /* ContentView.swift */ = {isa = PBXFileReference; lastKnownFileType = sourcecode.swift; path = ContentView.swift; sourceTree = "<group>"; };
		5018AC112A68D02800EA4E06 /* Assets.xcassets */ = {isa = PBXFileReference; lastKnownFileType = folder.assetcatalog; path = Assets.xcassets; sourceTree = "<group>"; };
		5018AC142A68D02800EA4E06 /* Preview Assets.xcassets */ = {isa = PBXFileReference; lastKnownFileType = folder.assetcatalog; path = "Preview Assets.xcassets"; sourceTree = "<group>"; };
		5018AC162A68D02800EA4E06 /* OpusCAFmacOSExample.entitlements */ = {isa = PBXFileReference; lastKnownFileType = text.plist.entitlements; path = OpusCAFmacOSExample.entitlements; sourceTree = "<group>"; };
		5018AC1B2A68D02800EA4E06 /* OpusCAFmacOSExampleTests.xctest */ = {isa = PBXFileReference; explicitFileType = wrapper.cfbundle; includeInIndex = 0; path = OpusCAFmacOSExampleTests.xctest; sourceTree = BUILT_PRODUCTS_DIR; };
		5018AC252A68D02900EA4E06 /* OpusCAFmacOSExampleUITests.xctest */ = {isa = PBXFileReference; explicitFileType = wrapper.cfbundle; includeInIndex = 0; path = OpusCAFmacOSExampleUITests.xctest; sourceTree = BUILT_PRODUCTS_DIR; };
		5018AC3B2A68D06400EA4E06 /* sample.opus */ = {isa = PBXFileReference; lastKnownFileType = file; path = sample.opus; sourceTree = "<group>"; };
/* End PBXFileReference section */

/* Begin PBXFrameworksBuildPhase section */
		5018AC072A68D02800EA4E06 /* Frameworks */ = {
			isa = PBXFrameworksBuildPhase;
			buildActionMask = 2147483647;
			files = (
				5018AC3A2A68D04C00EA4E06 /* OpusCAF in Frameworks */,
			);
			runOnlyForDeploymentPostprocessing = 0;
		};
		5018AC182A68D02800EA4E06 /* Frameworks */ = {
			isa = PBXFrameworksBuildPhase;
			buildActionMask = 2147483647;
			files = (
			);
			runOnlyForDeploymentPostprocessing = 0;
		};
		5018AC222A68D02900EA4E06 /* Frameworks */ = {
			isa = PBXFrameworksBuildPhase;
			buildActionMask = 2147483647;
			files = (
			);
			runOnlyForDeploymentPostprocessing = 0;
		};
/* End PBXFrameworksBuildPhase section */

/* Begin PBXGroup section */
		5018AC012A68D02800EA4E06 = {
			isa = PBXGroup;
			children = (
				5018AC0C2A68D02800EA4E06 /* OpusCAFmacOSExample */,
				5018AC0B2A68D02800EA4E06 /* Products */,
			);
			sourceTree = "<group>";
		};
		5018AC0B2A68D02800EA4E06 /* Products */ = {
			isa = PBXGroup;
			children = (
				5018AC0A2A68D02800EA4E06 /* OpusCAFmacOSExample.app */,
				5018AC1B2A68D02800EA4E06 /* OpusCAFmacOSExampleTests.xctest */,
				5018AC252A68D02900EA4E06 /* OpusCAFmacOSExampleUITests.xctest */,
			);
			name = Products;
			sourceTree = "<group>";
		};
		5018AC0C2A68D02800EA4E06 /* OpusCAFmacOSExample */ = {
			isa = PBXGroup;
			children = (
				5018AC0D2A68D02800EA4E06 /* OpusCAFmacOSExampleApp.swift */,
				5018AC0F2A68D02800EA4E06 /* ContentView.swift */,
				5018AC112A68D02800EA4E06 /* Assets.xcassets */,
				5018AC162A68D02800EA4E06 /* OpusCAFmacOSExample.entitlements */,
				5018AC3B2A68D06400EA4E06 /* sample.opus */,
				5018AC132A68D02800EA4E06 /* Preview Content */,
			);
			path = OpusCAFmacOSExample;
			sourceTree = "<group>";
		};
		5018AC132A68D02800EA4E06 /* Preview Content */ = {
			isa = PBXGroup;
			children = (
				5018AC142A68D02800EA4E06 /* Preview Assets.xcassets */,
			);
			path = "Preview Content";
			sourceTree = "<group>";
		};
/* End PBXGroup section */

/* Begin PBXNativeTarget section */
		5018AC092A68D02800EA4E06 /* OpusCAFmacOSExample */ = {
			isa = PBXNativeTarget;
			buildConfigurationList = 5018AC2F2A68D02900EA4E06 /* Build configuration list for PBXNativeTarget "OpusCAFmacOSExample" */;
			buildPhases = (
				5018AC062A68D02800EA4E06 /* Sources */,
				5018AC072A68D02800EA4E06 /* Frameworks */,
				5018AC082A68D02800EA4E06 /* Resources */,
			);
			buildRules = (
			);
			dependencies = (
			);
			name = OpusCAFmacOSExample;
			packageProductDependencies = (
				5018AC392A68D04C00EA4E06 /* OpusCAF */,
			);
			productName = OpusCAFmacOSExample;
			productReference = 5018AC0A2A68D02800EA4E06 /* OpusCAFmacOSExample.app */;
			productType = "com.apple.product-type.application";
		};
		5018AC1A2A68D02800EA4E06 /* OpusCAFmacOSExampleTests */ = {
			isa = PBXNativeTarget;
			buildConfigurationList = 5018AC322A68D02900EA4E06 /* Build configuration list for PBXNativeTarget "OpusCAFmacOSExampleTests" */;
			buildPhases = (
				5018AC172A68D02800EA4E06 /* Sources */,
				5018AC182A68D02800EA4E06 /* Frameworks */,
				5018AC192A68D02800EA4E06 /* Resources */,
			);
			buildRules = (
			);
			dependencies = (
				5018AC1D2A68D02800EA4E06 /* PBXTargetDependency */,
			);
			name = OpusCAFmacOSExampleTests;
			productName = OpusCAFmacOSExampleTests;
			productReference = 5018AC1B2A68D02800EA4E06 /* OpusCAFmacOSExampleTests.xctest */;
			productType = "com.apple.product-type.bundle.unit-test";
		};
		5018AC242A68D02900EA4E06 /* OpusCAFmacOSExampleUITests */ = {
			isa = PBXNativeTarget;
			buildConfigurationList = 5018AC352A68D02900EA4E06 /* Build configuration list for PBXNativeTarget "OpusCAFmacOSExampleUITests" */;
			buildPhases = (
				5018AC212A68D02900EA4E06 /* Sources */,
				5018AC222A68D02900EA4E06 /* Frameworks */,
				5018AC232A68D02900EA4E06 /* Resources */,
			);
			buildRules = (
			);
			dependencies = (
				5018AC272A68D02900EA4E06 /* PBXTargetDependency */,
			);
			name = OpusCAFmacOSExampleUITests;
			productName = OpusCAFmacOSExampleUITests;
			productReference = 5018AC252A68D02900EA4E06 /* OpusCAFmacOSExampleUITests.xctest */;
			productType = "com.apple.product-type.bundle.ui-testing";
		};
/* End PBXNativeTarget section */

/* Begin PBXProject section */
		5018AC022A68D02800EA4E06 /* Project object */ = {
			isa = PBXProject;
			attributes = {
				BuildIndependentTargetsInParallel = 1;
				LastSwiftUpdateCheck = 1430;
				LastUpgradeCheck = 1430;
				TargetAttributes = {
					5018AC092A68D02800EA4E06 = {
						CreatedOnToolsVersion = 14.3.1;
					};
					5018AC1A2A68D02800EA4E06 = {
						CreatedOnToolsVersion = 14.3.1;
						TestTargetID = 5018AC092A68D02800EA4E06;
					};
					5018AC242A68D02900EA4E06 = {
						CreatedOnToolsVersion = 14.3.1;
						TestTargetID = 5018AC092A68D02800EA4E06;
					};
				};
			};
			buildConfigurationList = 5018AC052A68D02800EA4E06 /* Build configuration list for PBXProject "OpusCAFmacOSExample" */;
			compatibilityVersion = "Xcode 14.0";
			developmentRegion = en;
			hasScannedForEncodings = 0;
			knownRegions = (
				en,
				Base,
			);
			mainGroup = 5018AC012A68D02800EA4E06;
			packageReferences = (
				5018AC382A68D04C00EA4E06 /* XCRemoteSwiftPackageReference "opus_caf_converter_swift" */,
			);
			productRefGroup = 5018AC0B2A68D02800EA4E06 /* Products */;
			projectDirPath = "";
			projectRoot = "";
			targets = (
				5018AC092A68D02800EA4E06 /* OpusCAFmacOSExample */,
				5018AC1A2A68D02800EA4E06 /* OpusCAFmacOSExampleTests */,
				5018AC242A68D02900EA4E06 /* OpusCAFmacOSExampleUITests */,
			);
		};
/* End PBXProject section */

/* Begin PBXResourcesBuildPhase section */
		5018AC082A68D02800EA4E06 /* Resources */ = {
			isa = PBXResourcesBuildPhase;
			buildActionMask = 2147483647;
			files = (
				5018AC152A68D02800EA4E06 /* Preview Assets.xcassets in Resources */,
				5018AC122A68D02800EA4E06 /* Assets.xcassets in Resources */,
				5018AC3C2A68D06400EA4E06 /* sample.opus in Resources */,
			);
			runOnlyForDeploymentPostprocessing = 0;
		};
		5018AC192A68D02800EA4E06 /* Resources */ = {
			isa = PBXResourcesBuildPhase;
			buildActionMask = 2147483647;
			files = (
			);
			runOnlyForDeploymentPostprocessing = 0;
		};
		5018AC232A68D02900EA4E06 /* Resources */ = {
			isa = PBXResourcesBuildPhase;
			buildActionMask = 2147483647;
			files = (
			);
			runOnlyForDeploymentPostprocessing = 0;
		};
/* End PBXResourcesBuildPhase section */

/* Begin PBXSourcesBuildPhase section */
		5018AC062A68D02800EA4E06 /* Sources */ = {
			isa = PBXSourcesBuildPhase;
			buildActionMask = 2147483647;
			files = (
				5018AC102A68D02800EA4E06 /* ContentView.swift in Sources */,
				5018AC0E2A68D02800EA4E06 /* OpusCAFmacOSExampleApp.swift in Sources */,
			);
			runOnlyForDeploymentPostprocessing = 0;
		};
		5018AC172A68D02800EA4E06 /* Sources */ = {
			isa = PBXSourcesBuildPhase;
			buildActionMask = 2147483647;
			files = (
			);
			runOnlyForDeploymentPostprocessing = 0;
		};
		5018AC212A68D02900EA4E06 /* Sources */ = {
			isa = PBXSourcesBuildPhase;
			buildActionMask = 2147483647;
			files = (
			);
			runOnlyForDeploymentPostprocessing = 0;
		};
/* End PBXSourcesBuildPhase section */

/* Begin PBXTargetDependency section */
		5018AC1D2A68D02800EA4E06 /* PBXTargetDependency */ = {
			isa = PBXTargetDependency;
			target = 5018AC092A68D02800EA4E06 /* OpusCAFmacOSExample */;
			targetProxy = 5018AC1C2A68D02800EA4E06 /* PBXContainerItemProxy */;
		};
		5018AC272A68D02900EA4E06 /* PBXTargetDependency */ = {
			isa = PBXTargetDependency;
			target = 5018AC092A68D02800EA4E06 /* OpusCAFmacOSExample */;
			targetProxy = 5018AC262A68D02900EA4E06 /* PBXContainerItemProxy */;
		};
/* End PBXTargetDependency section */

/* Begin XCBuildConfiguration section */
		5018AC2D2A68D02900EA4E06 /* Debug */ = {
			isa = XCBuildConfiguration;
			buildSettings = {
				ALWAYS_SEARCH_USER_PATHS = NO;
				CLANG_ANALYZER_NONNULL = YES;
				CLANG_ANALYZER_NUMBER_OBJECT_CONVERSION = YES_AGGRESSIVE;
				CLANG_CXX_LANGUAGE_STANDARD = "gnu++20";
				CLANG_ENABLE_MODULES = YES;
				CLANG_ENABLE_OBJC_ARC = YES;
				CLANG_ENABLE_OBJC_WEAK = YES;
				CLANG_WARN_BLOCK_CAPTURE_AUTORELEASING = YES;
				CLANG_WARN_BOOL_CONVERSION = YES;
				CLANG_WARN_COMMA = YES;
				CLANG_WARN_CONSTANT_CONVERSION = YES;
				CLANG_WARN_DEPRECATED_OBJC_IMPLEMENTATIONS = YES;
				CLANG_WARN_DIRECT_OBJC_ISA_USAGE = YES_ERROR;
				CLANG_WARN_DOCUMENTATION_COMMENTS = YES;
				CLANG_WARN_EMPTY_BODY = YES;
				CLANG_WARN_ENUM_CONVERSION = YES;
				CLANG_WARN_INFINITE_RECURSION = YES;
				CLANG_WARN_INT_CONVERSION = YES;
				CLANG_WARN_NON_LITERAL_NULL_CONVERSION = YES;
				CLANG_WARN_OBJC_IMPLICIT_RETAIN_SELF = YES;
				CLANG_WARN_OBJC_LITERAL_CONVERSION = YES;
				CLANG_WARN_OBJC_ROOT_CLASS = YES_ERROR;
				CLANG_WARN_QUOTED_INCLUDE_IN_FRAMEWORK_HEADER = YES;
				CLANG_WARN_RANGE_LOOP_ANALYSIS = YES;
				CLANG_WARN_STRICT_PROTOTYPES = YES;
				CLANG_WARN_SUSPICIOUS_MOVE = YES;
				CLANG_WARN_UNGUARDED_AVAILABILITY = YES_AGGRESSIVE;
				CLANG_WARN_UNREACHABLE_CODE = YES;
				CLANG_WARN__DUPLICATE_METHOD_MATCH = YES;
				COPY_PHASE_STRIP = NO;
				DEBUG_INFORMATION_FORMAT = dwarf;
				ENABLE_STRICT_OBJC_MSGSEND = YES;
				ENABLE_TESTABILITY = YES;
				GCC_C_LANGUAGE_STANDARD = gnu11;
				GCC_DYNAMIC_NO_PIC = NO;
				GCC_NO_COMMON_BLOCKS = YES;
				GCC_OPTIMIZATION_LEVEL = 0;
				GCC_PREPROCESSOR_DEFINITIONS = (
					"DEBUG=1",
					"$(inherited)",
				);
				GCC_WARN_64_TO_32_BIT_CONVERSION = YES;
				GCC_WARN_ABOUT_RETURN_TYPE = YES_ERROR;
				GCC_WARN_UNDECLARED_SELECTOR = YES;
				GCC_WARN_UNINITIALIZED_AUTOS = YES_AGGRESSIVE;
				GCC_WARN_UNUSED_FUNCTION = YES;
				GCC_WARN_UNUSED_VARIABLE = YES;
				MACOSX_DEPLOYMENT_TARGET = 13.3;
				MTL_ENABLE_DEBUG_INFO = INCLUDE_SOURCE;
				MTL_FAST_MATH = YES;
				ONLY_ACTIVE_ARCH = YES;
				SDKROOT = macosx;
				SWIFT_ACTIVE_COMPILATION_CONDITIONS = DEBUG;
				SWIFT_OPTIMIZATION_LEVEL = "-Onone";
			};
			name = Debug;
		};
		5018AC2E2A68D02900EA4E06 /* Release */ = {
			isa = XCBuildConfiguration;
			buildSettings = {
				ALWAYS_SEARCH_USER_PATHS = NO;
				CLANG_ANALYZER_NONNULL = YES;
				CLANG_ANALYZER_NUMBER_OBJECT_CONVERSION = YES_AGGRESSIVE;
				CLANG_CXX_LANGUAGE_STANDARD = "gnu++20";
				CLANG_ENABLE_MODULES = YES;
				CLANG_ENABLE_OBJC_ARC = YES;
				CLANG_ENABLE_OBJC_WEAK = YES;
				CLANG_WARN_BLOCK_CAPTURE_AUTORELEASING = YES;
				CLANG_WARN_BOOL_CONVERSION = YES;
				CLANG_WARN_COMMA = YES;
				CLANG_WARN_CONSTANT_CONVERSION = YES;
				CLANG_WARN_DEPRECATED_OBJC_IMPLEMENTATIONS = YES;
				CLANG_WARN_DIRECT_OBJC_ISA_USAGE = YES_ERROR;
				CLANG_WARN_DOCUMENTATION_COMMENTS = YES;
				CLANG_WARN_EMPTY_BODY = YES;
				CLANG_WARN_ENUM_CONVERSION = YES;
				CLANG_WARN_INFINITE_RECURSION = YES;
				CLANG_WARN_INT_CONVERSION = YES;
				CLANG_WARN_NON_LITERAL_NULL_CONVERSION = YES;
				CLANG_WARN_OBJC_IMPLICIT_RETAIN_SELF = YES;
				CLANG_WARN_OBJC_LITERAL_CONVERSION = YES;
				CLANG_WARN_OBJC_ROOT_CLASS = YES_ERROR;
				CLANG_WARN_QUOTED_INCLUDE_IN_FRAMEWORK_HEADER = YES;
				CLANG_WARN_RANGE_LOOP_ANALYSIS = YES;
				CLANG_WARN_STRICT_PROTOTYPES = YES;
				CLANG_WARN_SUSPICIOUS_MOVE = YES;
				CLANG_WARN_UNGUARDED_AVAILABILITY = YES_AGGRESSIVE;
				CLANG_WARN_UNREACHABLE_CODE = YES;
				CLANG_WARN__DUPLICATE_METHOD_MATCH = YES;
				COPY_PHASE_STRIP = NO;
				DEBUG_INFORMATION_FORMAT = "dwarf-with-dsym";
				ENABLE_NS_ASSERTIONS = NO;
				ENABLE_STRICT_OBJC_MSGSEND = YES;
				GCC_C_LANGUAGE_STANDARD = gnu11;
				GCC_NO_COMMON_BLOCKS = YES;
				GCC_WARN_64_TO_32_BIT_CONVERSION = YES;
				GCC_WARN_ABOUT_RETURN_TYPE = YES_ERROR;
				GCC_WARN_UNDECLARED_SELECTOR = YES;
				GCC_WARN_UNINITIALIZED_AUTOS = YES_AGGRESSIVE;
				GCC_WARN_UNUSED_FUNCTION = YES;
				GCC_WARN_UNUSED_VARIABLE = YES;
				MACOSX_DEPLOYMENT_TARGET = 13.3;
				MTL_ENABLE_DEBUG_INFO = NO;
				MTL_FAST_MATH = YES;
				SDKROOT = macosx;
				SWIFT_COMPILATION_MODE = wholemodule;
				SWIFT_OPTIMIZATION_LEVEL = "-O";
			};
			name = Release;
		};
		5018AC302A68D02900EA4E06 /* Debug */ = {
			isa = XCBuildConfiguration;
			buildSettings = {
				ASSETCATALOG_COMPILER_APPICON_NAME = AppIcon;
				ASSETCATALOG_COMPILER_GLOBAL_ACCENT_COLOR_NAME = AccentColor;
				CODE_SIGN_ENTITLEMENTS = OpusCAFmacOSExample/OpusCAFmacOSExample.entitlements;
				CODE_SIGN_STYLE = Automatic;
				COMBINE_HIDPI_IMAGES = YES;
				CURRENT_PROJECT_VERSION = 1;
				DEVELOPMENT_ASSET_PATHS = "\"OpusCAFmacOSExample/Preview Content\"";
				ENABLE_PREVIEWS = YES;
				GENERATE_INFOPLIST_FILE = YES;
				INFOPLIST_KEY_NSHumanReadableCopyright = "";
				LD_RUNPATH_SEARCH_PATHS = (
					"$(inherited)",
					"@executable_path/../Frameworks",
				);
				MARKETING_VERSION = 1.0;
				PRODUCT_BUNDLE_IDENTIFIER = com.example.OpusCAFmacOSExample;
				PRODUCT_NAME = "$(TARGET_NAME)";
				SWIFT_EMIT_LOC_STRINGS = YES;
				SWIFT_VERSION = 5.0;
			};
			name = Debug;
		};
		5018AC312A68D02900EA4E06 /* Release */ = {
			isa = XCBuildConfiguration;
			buildSettings = {
				ASSETCATALOG_COMPILER_APPICON_NAME = AppIcon;
				ASSETCATALOG_COMPILER_GLOBAL_ACCENT_COLOR_NAME = AccentColor;
				CODE_SIGN_ENTITLEMENTS = OpusCAFmacOSExample/OpusCAFmacOSExample.entitlements;
				CODE_SIGN_STYLE = Automatic;
				COMBINE_HIDPI_IMAGES = YES;
				CURRENT_PROJECT_VERSION = 1;
				DEVELOPMENT_ASSET_PATHS = "\"OpusCAFmacOSExample/Preview Content\"";
				ENABLE_PREVIEWS = YES;
				GENERATE_INFOPLIST_FILE = YES;
				INFOPLIST_KEY_NSHumanReadableCopyright = "";
				LD_RUNPATH_SEARCH_PATHS = (
					"$(inherited)",
					"@executable_path/../Frameworks",
				);
				MARKETING_VERSION = 1.0;
				PRODUCT_BUNDLE_IDENTIFIER = com.example.OpusCAFmacOSExample;
				PRODUCT_NAME = "$(TARGET_NAME)";
				SWIFT_EMIT_LOC_STRINGS = YES;
				SWIFT_VERSION = 5.0;
			};
			name = Release;
		};
		5018AC332A68D02900EA4E06 /* Debug */ = {
			isa = XCBuildConfiguration;
			buildSettings = {
				ALWAYS_EMBED_SWIFT_STANDARD_LIBRARIES = YES;
				BUNDLE_LOADER = "$(TEST_HOST)";
				CODE_SIGN_STYLE = Automatic;
				CURRENT_PROJECT_VERSION = 1;
				GENERATE_INFOPLIST_FILE = YES;
				MACOSX_DEPLOYMENT_TARGET = 13.3;
				MARKETING_VERSION = 1.0;
				PRODUCT_BUNDLE_IDENTIFIER = com.example.OpusCAFmacOSExampleTests;
				PRODUCT_NAME = "$(TARGET_NAME)";
				SWIFT_EMIT_LOC_STRINGS = NO;
				SWIFT_VERSION = 5.0;
				TEST_HOST = "$(BUILT_PRODUCTS_DIR)/OpusCAFmacOSExample.app/$(BUNDLE_EXECUTABLE_FOLDER_PATH)/OpusCAFmacOSExample";
			};
			name = Debug;
		};
		5018AC342A68D02900EA4E06 /* Release */ = {
			isa = XCBuildConfiguration;
			buildSettings = {
				ALWAYS_EMBED_SWIFT_STANDARD_LIBRARIES = YES;
				BUNDLE_LOADER = "$(TEST_HOST)";
				CODE_SIGN_STYLE = Automatic;
				CURRENT_PROJECT_VERSION = 1;
				GENERATE_INFOPLIST_FILE = YES;
				MACOSX_DEPLOYMENT_TARGET = 13.3;
				MARKETING_VERSION = 1.0;
				PRODUCT_BUNDLE_IDENTIFIER = com.example.OpusCAFmacOSExampleTests;
				PRODUCT_NAME = "$(TARGET_NAME)";
				SWIFT_EMIT_LOC_STRINGS = NO;
				SWIFT_VERSION = 5.0;
				TEST_HOST = "$(BUILT_PRODUCTS_DIR)/OpusCAFmacOSExample.app/$(BUNDLE_EXECUTABLE_FOLDER_PATH)/OpusCAFmacOSExample";
			};
			name = Release;
		};
		5018AC362A68D02900EA4E06 /* Debug */ = {
			isa = XCBuildConfiguration;
			buildSettings = {
				ALWAYS_EMBED_SWIFT_STANDARD_LIBRARIES = YES;
				CODE_SIGN_STYLE = Automatic;
				CURRENT_PROJECT_VERSION = 1;
				GENERATE_INFOPLIST_FILE = YES;
				MARKETING_VERSION = 1.0;
				PRODUCT_BUNDLE_IDENTIFIER = com.example.OpusCAFmacOSExampleUITests;
				PRODUCT_NAME = "$(TARGET_NAME)";
				SWIFT_EMIT_LOC_STRINGS = NO;
				SWIFT_VERSION = 5.0;
				TEST_TARGET_NAME = OpusCAFmacOSExample;
			};
			name = Debug;
		};
		5018AC372A68D02900EA4E06 /* Release */ = {
			isa = XCBuildConfiguration;
			buildSettings = {
				ALWAYS_EMBED_SWIFT_STANDARD_LIBRARIES = YES;
				CODE_SIGN_STYLE = Automatic;
				CURRENT_PROJECT_VERSION = 1;
				GENERATE_INFOPLIST_FILE = YES;
				MARKETING_VERSION = 1.0;
				PRODUCT_BUNDLE_IDENTIFIER = com.example.OpusCAFmacOSExampleUITests;
				PRODUCT_NAME = "$(TARGET_NAME)";
				SWIFT_EMIT_LOC_STRINGS = NO;
				SWIFT_VERSION = 5.0;
				TEST_TARGET_NAME = OpusCAFmacOSExample;
			};
			name = Release;
		};
/* End XCBuildConfiguration section */

/* Begin XCConfigurationList section */
		5018AC052A68D02800EA4E06 /* Build configuration list for PBXProject "OpusCAFmacOSExample" */ = {
			isa = XCConfigurationList;
			buildConfigurations = (
				5018AC2D2A68D02900EA4E06 /* Debug */,
				5018AC2E2A68D02900EA4E06 /* Release */,
			);
			defaultConfigurationIsVisible = 0;
			defaultConfigurationName = Release;
		};
		5018AC2F2A68D02900EA4E06 /* Build configuration list for PBXNativeTarget "OpusCAFmacOSExample" */ = {
			isa = XCConfigurationList;
			buildConfigurations = (
				5018AC302A68D02900EA4E06 /* Debug */,
				5018AC312A68D02900EA4E06 /* Release */,
			);
			defaultConfigurationIsVisible = 0;
			defaultConfigurationName = Release;
		};
		5018AC322A68D02900EA4E06 /* Build configuration list for PBXNativeTarget "OpusCAFmacOSExampleTests" */ = {
			isa = XCConfigurationList;
			buildConfigurations = (
				5018AC332A68D02900EA4E06 /* Debug */,
				5018AC342A68D02900EA4E06 /* Release */,
			);
			defaultConfigurationIsVisible = 0;
			defaultConfigurationName = Release;
		};
		5018AC352A68D02900EA4E06 /* Build configuration list for PBXNativeTarget "OpusCAFmacOSExampleUITests" */ = {
			isa = XCConfigurationList;
			buildConfigurations = (
				5018AC362A68D02900EA4E06 /* Debug */,
				5018AC372A68D02900EA4E06 /* Release */,
			);
			defaultConfigurationIsVisible = 0;
			defaultConfigurationName = Release;
		};
/* End XCConfigurationList section */

/* Begin XCRemoteSwiftPackageReference section */
		5018AC382A68D04C00EA4E06 /* XCRemoteSwiftPackageReference "opus_caf_converter_swift" */ = {
			isa = XCRemoteSwiftPackageReference;
			repositoryURL = "https://github.com/nabil6391/opus_caf_converter_swift";
			requirement = {
				branch = main;
				kind = branch;
			};
		};
/* End XCRemoteSwiftPackageReference section */

/* Begin XCSwiftPackageProductDependency section */
		5018AC392A68D04C00EA4E06 /* OpusCAF */ = {
			isa = XCSwiftPackageProductDependency;
			package = 5018AC382A68D04C00EA4E06 /* XCRemoteSwiftPackageReference "opus_caf_converter_swift" */;
			productName = OpusCAF;
		};
/* End XCSwiftPackageProductDependency section */
	};
	rootObject = 5018AC022A68D02800EA4E06 /* Project object */;
}
